// !$*UTF8*$!
{
	archiveVersion = 1;
	classes = {
	};
	objectVersion = 48;
	objects = {

/* Begin PBXBuildFile section */
		2636DAB920AEB0B4001EC1A3 /* AppDelegate.swift in Sources */ = {isa = PBXBuildFile; fileRef = 2636DAB820AEB0B4001EC1A3 /* AppDelegate.swift */; };
		2636DABB20AEB0B4001EC1A3 /* ViewController.swift in Sources */ = {isa = PBXBuildFile; fileRef = 2636DABA20AEB0B4001EC1A3 /* ViewController.swift */; };
		2636DABE20AEB0B4001EC1A3 /* Main.storyboard in Resources */ = {isa = PBXBuildFile; fileRef = 2636DABC20AEB0B4001EC1A3 /* Main.storyboard */; };
		2636DAC020AEB0B4001EC1A3 /* Assets.xcassets in Resources */ = {isa = PBXBuildFile; fileRef = 2636DABF20AEB0B4001EC1A3 /* Assets.xcassets */; };
		2636DAC320AEB0B4001EC1A3 /* LaunchScreen.storyboard in Resources */ = {isa = PBXBuildFile; fileRef = 2636DAC120AEB0B4001EC1A3 /* LaunchScreen.storyboard */; };
		2636DACE20AEB0B4001EC1A3 /* RetailDomainUITests.swift in Sources */ = {isa = PBXBuildFile; fileRef = 2636DACD20AEB0B4001EC1A3 /* RetailDomainUITests.swift */; };
		2636DAD920AEB0C9001EC1A3 /* RetailDomainController.swift in Sources */ = {isa = PBXBuildFile; fileRef = 2636DAD820AEB0C9001EC1A3 /* RetailDomainController.swift */; };
/* End PBXBuildFile section */

/* Begin PBXContainerItemProxy section */
		2636DACA20AEB0B4001EC1A3 /* PBXContainerItemProxy */ = {
			isa = PBXContainerItemProxy;
			containerPortal = 2636DAAD20AEB0B4001EC1A3 /* Project object */;
			proxyType = 1;
			remoteGlobalIDString = 2636DAB420AEB0B4001EC1A3;
			remoteInfo = RetailDomain;
		};
/* End PBXContainerItemProxy section */

/* Begin PBXFileReference section */
		2636DAB520AEB0B4001EC1A3 /* RetailDomain.app */ = {isa = PBXFileReference; explicitFileType = wrapper.application; includeInIndex = 0; path = RetailDomain.app; sourceTree = BUILT_PRODUCTS_DIR; };
		2636DAB820AEB0B4001EC1A3 /* AppDelegate.swift */ = {isa = PBXFileReference; lastKnownFileType = sourcecode.swift; path = AppDelegate.swift; sourceTree = "<group>"; };
		2636DABA20AEB0B4001EC1A3 /* ViewController.swift */ = {isa = PBXFileReference; lastKnownFileType = sourcecode.swift; path = ViewController.swift; sourceTree = "<group>"; };
		2636DABD20AEB0B4001EC1A3 /* Base */ = {isa = PBXFileReference; lastKnownFileType = file.storyboard; name = Base; path = Base.lproj/Main.storyboard; sourceTree = "<group>"; };
		2636DABF20AEB0B4001EC1A3 /* Assets.xcassets */ = {isa = PBXFileReference; lastKnownFileType = folder.assetcatalog; path = Assets.xcassets; sourceTree = "<group>"; };
		2636DAC220AEB0B4001EC1A3 /* Base */ = {isa = PBXFileReference; lastKnownFileType = file.storyboard; name = Base; path = Base.lproj/LaunchScreen.storyboard; sourceTree = "<group>"; };
		2636DAC420AEB0B4001EC1A3 /* Info.plist */ = {isa = PBXFileReference; lastKnownFileType = text.plist.xml; path = Info.plist; sourceTree = "<group>"; };
		2636DAC920AEB0B4001EC1A3 /* RetailDomainUITests.xctest */ = {isa = PBXFileReference; explicitFileType = wrapper.cfbundle; includeInIndex = 0; path = RetailDomainUITests.xctest; sourceTree = BUILT_PRODUCTS_DIR; };
		2636DACD20AEB0B4001EC1A3 /* RetailDomainUITests.swift */ = {isa = PBXFileReference; lastKnownFileType = sourcecode.swift; path = RetailDomainUITests.swift; sourceTree = "<group>"; };
		2636DACF20AEB0B4001EC1A3 /* Info.plist */ = {isa = PBXFileReference; lastKnownFileType = text.plist.xml; path = Info.plist; sourceTree = "<group>"; };
		2636DAD820AEB0C9001EC1A3 /* RetailDomainController.swift */ = {isa = PBXFileReference; lastKnownFileType = sourcecode.swift; name = RetailDomainController.swift; path = RetailDomain/RetailDomainController.swift; sourceTree = SOURCE_ROOT; };
/* End PBXFileReference section */

/* Begin PBXFrameworksBuildPhase section */
		2636DAB220AEB0B4001EC1A3 /* Frameworks */ = {
			isa = PBXFrameworksBuildPhase;
			buildActionMask = 2147483647;
			files = (
			);
			runOnlyForDeploymentPostprocessing = 0;
		};
		2636DAC620AEB0B4001EC1A3 /* Frameworks */ = {
			isa = PBXFrameworksBuildPhase;
			buildActionMask = 2147483647;
			files = (
			);
			runOnlyForDeploymentPostprocessing = 0;
		};
/* End PBXFrameworksBuildPhase section */

/* Begin PBXGroup section */
		2636DAAC20AEB0B4001EC1A3 = {
			isa = PBXGroup;
			children = (
				2636DAB720AEB0B4001EC1A3 /* RetailDomain */,
				2636DACC20AEB0B4001EC1A3 /* RetailDomainUITests */,
				2636DAB620AEB0B4001EC1A3 /* Products */,
			);
			sourceTree = "<group>";
		};
		2636DAB620AEB0B4001EC1A3 /* Products */ = {
			isa = PBXGroup;
			children = (
				2636DAB520AEB0B4001EC1A3 /* RetailDomain.app */,
				2636DAC920AEB0B4001EC1A3 /* RetailDomainUITests.xctest */,
			);
			name = Products;
			sourceTree = "<group>";
		};
		2636DAB720AEB0B4001EC1A3 /* RetailDomain */ = {
			isa = PBXGroup;
			children = (
				2636DAB820AEB0B4001EC1A3 /* AppDelegate.swift */,
				2636DABA20AEB0B4001EC1A3 /* ViewController.swift */,
				2636DABC20AEB0B4001EC1A3 /* Main.storyboard */,
				2636DABF20AEB0B4001EC1A3 /* Assets.xcassets */,
				2636DAC120AEB0B4001EC1A3 /* LaunchScreen.storyboard */,
				2636DAC420AEB0B4001EC1A3 /* Info.plist */,
				2636DAD820AEB0C9001EC1A3 /* RetailDomainController.swift */,
			);
			name = RetailDomain;
			path = ../../../vahuj5/Desktop/RetailDomain/RetailDomain;
			sourceTree = "<group>";
		};
		2636DACC20AEB0B4001EC1A3 /* RetailDomainUITests */ = {
			isa = PBXGroup;
			children = (
				2636DACD20AEB0B4001EC1A3 /* RetailDomainUITests.swift */,
				2636DACF20AEB0B4001EC1A3 /* Info.plist */,
			);
			name = RetailDomainUITests;
			path = ../../../vahuj5/Desktop/RetailDomain/RetailDomainUITests;
			sourceTree = "<group>";
		};
/* End PBXGroup section */

/* Begin PBXNativeTarget section */
		2636DAB420AEB0B4001EC1A3 /* RetailDomain */ = {
			isa = PBXNativeTarget;
			buildConfigurationList = 2636DAD220AEB0B4001EC1A3 /* Build configuration list for PBXNativeTarget "RetailDomain" */;
			buildPhases = (
				2636DAB120AEB0B4001EC1A3 /* Sources */,
				2636DAB220AEB0B4001EC1A3 /* Frameworks */,
				2636DAB320AEB0B4001EC1A3 /* Resources */,
			);
			buildRules = (
			);
			dependencies = (
			);
			name = RetailDomain;
			productName = RetailDomain;
			productReference = 2636DAB520AEB0B4001EC1A3 /* RetailDomain.app */;
			productType = "com.apple.product-type.application";
		};
		2636DAC820AEB0B4001EC1A3 /* RetailDomainUITests */ = {
			isa = PBXNativeTarget;
			buildConfigurationList = 2636DAD520AEB0B4001EC1A3 /* Build configuration list for PBXNativeTarget "RetailDomainUITests" */;
			buildPhases = (
				2636DAC520AEB0B4001EC1A3 /* Sources */,
				2636DAC620AEB0B4001EC1A3 /* Frameworks */,
				2636DAC720AEB0B4001EC1A3 /* Resources */,
			);
			buildRules = (
			);
			dependencies = (
				2636DACB20AEB0B4001EC1A3 /* PBXTargetDependency */,
			);
			name = RetailDomainUITests;
			productName = RetailDomainUITests;
			productReference = 2636DAC920AEB0B4001EC1A3 /* RetailDomainUITests.xctest */;
			productType = "com.apple.product-type.bundle.ui-testing";
		};
/* End PBXNativeTarget section */

/* Begin PBXProject section */
		2636DAAD20AEB0B4001EC1A3 /* Project object */ = {
			isa = PBXProject;
			attributes = {
				LastSwiftUpdateCheck = 0920;
				LastUpgradeCheck = 0920;
				ORGANIZATIONNAME = "Vikas Ahuja";
				TargetAttributes = {
					2636DAB420AEB0B4001EC1A3 = {
						CreatedOnToolsVersion = 9.2;
						ProvisioningStyle = Automatic;
					};
					2636DAC820AEB0B4001EC1A3 = {
						CreatedOnToolsVersion = 9.2;
						ProvisioningStyle = Automatic;
						TestTargetID = 2636DAB420AEB0B4001EC1A3;
					};
				};
			};
			buildConfigurationList = 2636DAB020AEB0B4001EC1A3 /* Build configuration list for PBXProject "RetailDomain" */;
			compatibilityVersion = "Xcode 8.0";
			developmentRegion = en;
			hasScannedForEncodings = 0;
			knownRegions = (
				en,
				Base,
			);
			mainGroup = 2636DAAC20AEB0B4001EC1A3;
			productRefGroup = 2636DAB620AEB0B4001EC1A3 /* Products */;
			projectDirPath = "";
			projectRoot = "";
			targets = (
				2636DAB420AEB0B4001EC1A3 /* RetailDomain */,
				2636DAC820AEB0B4001EC1A3 /* RetailDomainUITests */,
			);
		};
/* End PBXProject section */

/* Begin PBXResourcesBuildPhase section */
		2636DAB320AEB0B4001EC1A3 /* Resources */ = {
			isa = PBXResourcesBuildPhase;
			buildActionMask = 2147483647;
			files = (
				2636DAC320AEB0B4001EC1A3 /* LaunchScreen.storyboard in Resources */,
				2636DAC020AEB0B4001EC1A3 /* Assets.xcassets in Resources */,
				2636DABE20AEB0B4001EC1A3 /* Main.storyboard in Resources */,
			);
			runOnlyForDeploymentPostprocessing = 0;
		};
		2636DAC720AEB0B4001EC1A3 /* Resources */ = {
			isa = PBXResourcesBuildPhase;
			buildActionMask = 2147483647;
			files = (
			);
			runOnlyForDeploymentPostprocessing = 0;
		};
/* End PBXResourcesBuildPhase section */

/* Begin PBXSourcesBuildPhase section */
		2636DAB120AEB0B4001EC1A3 /* Sources */ = {
			isa = PBXSourcesBuildPhase;
			buildActionMask = 2147483647;
			files = (
				2636DABB20AEB0B4001EC1A3 /* ViewController.swift in Sources */,
				2636DAB920AEB0B4001EC1A3 /* AppDelegate.swift in Sources */,
				2636DAD920AEB0C9001EC1A3 /* RetailDomainController.swift in Sources */,
			);
			runOnlyForDeploymentPostprocessing = 0;
		};
		2636DAC520AEB0B4001EC1A3 /* Sources */ = {
			isa = PBXSourcesBuildPhase;
			buildActionMask = 2147483647;
			files = (
				2636DACE20AEB0B4001EC1A3 /* RetailDomainUITests.swift in Sources */,
			);
			runOnlyForDeploymentPostprocessing = 0;
		};
/* End PBXSourcesBuildPhase section */

/* Begin PBXTargetDependency section */
		2636DACB20AEB0B4001EC1A3 /* PBXTargetDependency */ = {
			isa = PBXTargetDependency;
			target = 2636DAB420AEB0B4001EC1A3 /* RetailDomain */;
			targetProxy = 2636DACA20AEB0B4001EC1A3 /* PBXContainerItemProxy */;
		};
/* End PBXTargetDependency section */

/* Begin PBXVariantGroup section */
		2636DABC20AEB0B4001EC1A3 /* Main.storyboard */ = {
			isa = PBXVariantGroup;
			children = (
				2636DABD20AEB0B4001EC1A3 /* Base */,
			);
			name = Main.storyboard;
			sourceTree = "<group>";
		};
		2636DAC120AEB0B4001EC1A3 /* LaunchScreen.storyboard */ = {
			isa = PBXVariantGroup;
			children = (
				2636DAC220AEB0B4001EC1A3 /* Base */,
			);
			name = LaunchScreen.storyboard;
			sourceTree = "<group>";
		};
/* End PBXVariantGroup section */

/* Begin XCBuildConfiguration section */
		2636DAD020AEB0B4001EC1A3 /* Debug */ = {
			isa = XCBuildConfiguration;
			buildSettings = {
				ALWAYS_SEARCH_USER_PATHS = NO;
				CLANG_ANALYZER_NONNULL = YES;
				CLANG_ANALYZER_NUMBER_OBJECT_CONVERSION = YES_AGGRESSIVE;
				CLANG_CXX_LANGUAGE_STANDARD = "gnu++14";
				CLANG_CXX_LIBRARY = "libc++";
				CLANG_ENABLE_MODULES = YES;
				CLANG_ENABLE_OBJC_ARC = YES;
				CLANG_WARN_BLOCK_CAPTURE_AUTORELEASING = YES;
				CLANG_WARN_BOOL_CONVERSION = YES;
				CLANG_WARN_COMMA = YES;
				CLANG_WARN_CONSTANT_CONVERSION = YES;
				CLANG_WARN_DIRECT_OBJC_ISA_USAGE = YES_ERROR;
				CLANG_WARN_DOCUMENTATION_COMMENTS = YES;
				CLANG_WARN_EMPTY_BODY = YES;
				CLANG_WARN_ENUM_CONVERSION = YES;
				CLANG_WARN_INFINITE_RECURSION = YES;
				CLANG_WARN_INT_CONVERSION = YES;
				CLANG_WARN_NON_LITERAL_NULL_CONVERSION = YES;
				CLANG_WARN_OBJC_LITERAL_CONVERSION = YES;
				CLANG_WARN_OBJC_ROOT_CLASS = YES_ERROR;
				CLANG_WARN_RANGE_LOOP_ANALYSIS = YES;
				CLANG_WARN_STRICT_PROTOTYPES = YES;
				CLANG_WARN_SUSPICIOUS_MOVE = YES;
				CLANG_WARN_UNGUARDED_AVAILABILITY = YES_AGGRESSIVE;
				CLANG_WARN_UNREACHABLE_CODE = YES;
				CLANG_WARN__DUPLICATE_METHOD_MATCH = YES;
				CODE_SIGN_IDENTITY = "iPhone Developer";
				COPY_PHASE_STRIP = NO;
				DEBUG_INFORMATION_FORMAT = dwarf;
				ENABLE_STRICT_OBJC_MSGSEND = YES;
				ENABLE_TESTABILITY = YES;
				GCC_C_LANGUAGE_STANDARD = gnu11;
				GCC_DYNAMIC_NO_PIC = NO;
				GCC_NO_COMMON_BLOCKS = YES;
				GCC_OPTIMIZATION_LEVEL = 0;
				GCC_PREPROCESSOR_DEFINITIONS = (
					"DEBUG=1",
					"$(inherited)",
				);
				GCC_WARN_64_TO_32_BIT_CONVERSION = YES;
				GCC_WARN_ABOUT_RETURN_TYPE = YES_ERROR;
				GCC_WARN_UNDECLARED_SELECTOR = YES;
				GCC_WARN_UNINITIALIZED_AUTOS = YES_AGGRESSIVE;
				GCC_WARN_UNUSED_FUNCTION = YES;
				GCC_WARN_UNUSED_VARIABLE = YES;
				IPHONEOS_DEPLOYMENT_TARGET = 11.2;
				MTL_ENABLE_DEBUG_INFO = YES;
				ONLY_ACTIVE_ARCH = YES;
				SDKROOT = iphoneos;
				SWIFT_ACTIVE_COMPILATION_CONDITIONS = DEBUG;
				SWIFT_OPTIMIZATION_LEVEL = "-Onone";
			};
			name = Debug;
		};
		2636DAD120AEB0B4001EC1A3 /* Release */ = {
			isa = XCBuildConfiguration;
			buildSettings = {
				ALWAYS_SEARCH_USER_PATHS = NO;
				CLANG_ANALYZER_NONNULL = YES;
				CLANG_ANALYZER_NUMBER_OBJECT_CONVERSION = YES_AGGRESSIVE;
				CLANG_CXX_LANGUAGE_STANDARD = "gnu++14";
				CLANG_CXX_LIBRARY = "libc++";
				CLANG_ENABLE_MODULES = YES;
				CLANG_ENABLE_OBJC_ARC = YES;
				CLANG_WARN_BLOCK_CAPTURE_AUTORELEASING = YES;
				CLANG_WARN_BOOL_CONVERSION = YES;
				CLANG_WARN_COMMA = YES;
				CLANG_WARN_CONSTANT_CONVERSION = YES;
				CLANG_WARN_DIRECT_OBJC_ISA_USAGE = YES_ERROR;
				CLANG_WARN_DOCUMENTATION_COMMENTS = YES;
				CLANG_WARN_EMPTY_BODY = YES;
				CLANG_WARN_ENUM_CONVERSION = YES;
				CLANG_WARN_INFINITE_RECURSION = YES;
				CLANG_WARN_INT_CONVERSION = YES;
				CLANG_WARN_NON_LITERAL_NULL_CONVERSION = YES;
				CLANG_WARN_OBJC_LITERAL_CONVERSION = YES;
				CLANG_WARN_OBJC_ROOT_CLASS = YES_ERROR;
				CLANG_WARN_RANGE_LOOP_ANALYSIS = YES;
				CLANG_WARN_STRICT_PROTOTYPES = YES;
				CLANG_WARN_SUSPICIOUS_MOVE = YES;
				CLANG_WARN_UNGUARDED_AVAILABILITY = YES_AGGRESSIVE;
				CLANG_WARN_UNREACHABLE_CODE = YES;
				CLANG_WARN__DUPLICATE_METHOD_MATCH = YES;
				CODE_SIGN_IDENTITY = "iPhone Developer";
				COPY_PHASE_STRIP = NO;
				DEBUG_INFORMATION_FORMAT = "dwarf-with-dsym";
				ENABLE_NS_ASSERTIONS = NO;
				ENABLE_STRICT_OBJC_MSGSEND = YES;
				GCC_C_LANGUAGE_STANDARD = gnu11;
				GCC_NO_COMMON_BLOCKS = YES;
				GCC_WARN_64_TO_32_BIT_CONVERSION = YES;
				GCC_WARN_ABOUT_RETURN_TYPE = YES_ERROR;
				GCC_WARN_UNDECLARED_SELECTOR = YES;
				GCC_WARN_UNINITIALIZED_AUTOS = YES_AGGRESSIVE;
				GCC_WARN_UNUSED_FUNCTION = YES;
				GCC_WARN_UNUSED_VARIABLE = YES;
				IPHONEOS_DEPLOYMENT_TARGET = 11.2;
				MTL_ENABLE_DEBUG_INFO = NO;
				SDKROOT = iphoneos;
				SWIFT_OPTIMIZATION_LEVEL = "-Owholemodule";
				VALIDATE_PRODUCT = YES;
			};
			name = Release;
		};
		2636DAD320AEB0B4001EC1A3 /* Debug */ = {
			isa = XCBuildConfiguration;
			buildSettings = {
				ASSETCATALOG_COMPILER_APPICON_NAME = AppIcon;
				CODE_SIGN_STYLE = Automatic;
				INFOPLIST_FILE = RetailDomain/Info.plist;
				LD_RUNPATH_SEARCH_PATHS = "$(inherited) @executable_path/Frameworks";
				PRODUCT_BUNDLE_IDENTIFIER = test.RetailDomain;
				PRODUCT_NAME = "$(TARGET_NAME)";
				SWIFT_VERSION = 4.0;
				TARGETED_DEVICE_FAMILY = "1,2";
			};
			name = Debug;
		};
		2636DAD420AEB0B4001EC1A3 /* Release */ = {
			isa = XCBuildConfiguration;
			buildSettings = {
				ASSETCATALOG_COMPILER_APPICON_NAME = AppIcon;
				CODE_SIGN_STYLE = Automatic;
				INFOPLIST_FILE = RetailDomain/Info.plist;
				LD_RUNPATH_SEARCH_PATHS = "$(inherited) @executable_path/Frameworks";
				PRODUCT_BUNDLE_IDENTIFIER = test.RetailDomain;
				PRODUCT_NAME = "$(TARGET_NAME)";
				SWIFT_VERSION = 4.0;
				TARGETED_DEVICE_FAMILY = "1,2";
			};
			name = Release;
		};
		2636DAD620AEB0B4001EC1A3 /* Debug */ = {
			isa = XCBuildConfiguration;
			buildSettings = {
				ALWAYS_EMBED_SWIFT_STANDARD_LIBRARIES = YES;
				CODE_SIGN_STYLE = Automatic;
				INFOPLIST_FILE = RetailDomainUITests/Info.plist;
				LD_RUNPATH_SEARCH_PATHS = "$(inherited) @executable_path/Frameworks @loader_path/Frameworks";
				PRODUCT_BUNDLE_IDENTIFIER = test.RetailDomainUITests;
				PRODUCT_NAME = "$(TARGET_NAME)";
				SWIFT_VERSION = 4.0;
				TARGETED_DEVICE_FAMILY = "1,2";
				TEST_TARGET_NAME = RetailDomain;
			};
			name = Debug;
		};
		2636DAD720AEB0B4001EC1A3 /* Release */ = {
			isa = XCBuildConfiguration;
			buildSettings = {
				ALWAYS_EMBED_SWIFT_STANDARD_LIBRARIES = YES;
				CODE_SIGN_STYLE = Automatic;
				INFOPLIST_FILE = RetailDomainUITests/Info.plist;
				LD_RUNPATH_SEARCH_PATHS = "$(inherited) @executable_path/Frameworks @loader_path/Frameworks";
				PRODUCT_BUNDLE_IDENTIFIER = test.RetailDomainUITests;
				PRODUCT_NAME = "$(TARGET_NAME)";
				SWIFT_VERSION = 4.0;
				TARGETED_DEVICE_FAMILY = "1,2";
				TEST_TARGET_NAME = RetailDomain;
			};
			name = Release;
		};
/* End XCBuildConfiguration section */

/* Begin XCConfigurationList section */
		2636DAB020AEB0B4001EC1A3 /* Build configuration list for PBXProject "RetailDomain" */ = {
			isa = XCConfigurationList;
			buildConfigurations = (
				2636DAD020AEB0B4001EC1A3 /* Debug */,
				2636DAD120AEB0B4001EC1A3 /* Release */,
			);
			defaultConfigurationIsVisible = 0;
			defaultConfigurationName = Release;
		};
		2636DAD220AEB0B4001EC1A3 /* Build configuration list for PBXNativeTarget "RetailDomain" */ = {
			isa = XCConfigurationList;
			buildConfigurations = (
				2636DAD320AEB0B4001EC1A3 /* Debug */,
				2636DAD420AEB0B4001EC1A3 /* Release */,
			);
			defaultConfigurationIsVisible = 0;
			defaultConfigurationName = Release;
		};
		2636DAD520AEB0B4001EC1A3 /* Build configuration list for PBXNativeTarget "RetailDomainUITests" */ = {
			isa = XCConfigurationList;
			buildConfigurations = (
				2636DAD620AEB0B4001EC1A3 /* Debug */,
				2636DAD720AEB0B4001EC1A3 /* Release */,
			);
			defaultConfigurationIsVisible = 0;
			defaultConfigurationName = Release;
		};
/* End XCConfigurationList section */
	};
	rootObject = 2636DAAD20AEB0B4001EC1A3 /* Project object */;
}
